
Microsoft Visual Studio Solution File, Format Version 12.00
# Visual Studio Version 16
VisualStudioVersion = 16.0.29509.3
MinimumVisualStudioVersion = 10.0.40219.1
Project("{9A19103F-16F7-4668-BE54-9A1E7A4F7556}") = "Teknologisk.Functions", "Teknologisk.Functions\Teknologisk.Functions.csproj", "{77B784C8-05B3-4A4A-9831-ACFC82C33F96}"
EndProject
Project("{9A19103F-16F7-4668-BE54-9A1E7A4F7556}") = "Teknologisk.WebApp", "Teknologisk.WebApp\Teknologisk.WebApp.csproj", "{74AE7019-9356-49E5-91D0-A32AA616FEDE}"
EndProject
Project("{2150E333-8FDC-42A3-9474-1A3956D46DE8}") = "Kursusmateriale", "Kursusmateriale", "{652F7A10-2B6E-414A-AB9B-6A9AC0BF8F1D}"
	ProjectSection(SolutionItems) = preProject
		..\..\..\Downloads\Materiale.zip = ..\..\..\Downloads\Materiale.zip
	EndProjectSection
EndProject
Project("{FAE04EC0-301F-11D3-BF4B-00C04F79EFBC}") = "Teknologisk.ActiveDirectory", "Teknologisk.ActiveDirectory\Teknologisk.ActiveDirectory.csproj", "{C65ED062-7885-4765-A8C6-FA81DD03B5D4}"
EndProject
Project("{FAE04EC0-301F-11D3-BF4B-00C04F79EFBC}") = "Teknologisk.StorageQueue", "Teknologisk.StorageQueue\Teknologisk.StorageQueue.csproj", "{CA55D108-1EC3-43AA-A855-95115675D81F}"
EndProject
Global
	GlobalSection(SolutionConfigurationPlatforms) = preSolution
		Debug|Any CPU = Debug|Any CPU
		Release|Any CPU = Release|Any CPU
	EndGlobalSection
	GlobalSection(ProjectConfigurationPlatforms) = postSolution
		{77B784C8-05B3-4A4A-9831-ACFC82C33F96}.Debug|Any CPU.ActiveCfg = Debug|Any CPU
		{77B784C8-05B3-4A4A-9831-ACFC82C33F96}.Debug|Any CPU.Build.0 = Debug|Any CPU
		{77B784C8-05B3-4A4A-9831-ACFC82C33F96}.Release|Any CPU.ActiveCfg = Release|Any CPU
		{77B784C8-05B3-4A4A-9831-ACFC82C33F96}.Release|Any CPU.Build.0 = Release|Any CPU
		{74AE7019-9356-49E5-91D0-A32AA616FEDE}.Debug|Any CPU.ActiveCfg = Debug|Any CPU
		{74AE7019-9356-49E5-91D0-A32AA616FEDE}.Debug|Any CPU.Build.0 = Debug|Any CPU
		{74AE7019-9356-49E5-91D0-A32AA616FEDE}.Release|Any CPU.ActiveCfg = Release|Any CPU
		{74AE7019-9356-49E5-91D0-A32AA616FEDE}.Release|Any CPU.Build.0 = Release|Any CPU
		{C65ED062-7885-4765-A8C6-FA81DD03B5D4}.Debug|Any CPU.ActiveCfg = Debug|Any CPU
		{C65ED062-7885-4765-A8C6-FA81DD03B5D4}.Debug|Any CPU.Build.0 = Debug|Any CPU
		{C65ED062-7885-4765-A8C6-FA81DD03B5D4}.Release|Any CPU.ActiveCfg = Release|Any CPU
		{C65ED062-7885-4765-A8C6-FA81DD03B5D4}.Release|Any CPU.Build.0 = Release|Any CPU
		{CA55D108-1EC3-43AA-A855-95115675D81F}.Debug|Any CPU.ActiveCfg = Debug|Any CPU
		{CA55D108-1EC3-43AA-A855-95115675D81F}.Debug|Any CPU.Build.0 = Debug|Any CPU
		{CA55D108-1EC3-43AA-A855-95115675D81F}.Release|Any CPU.ActiveCfg = Release|Any CPU
		{CA55D108-1EC3-43AA-A855-95115675D81F}.Release|Any CPU.Build.0 = Release|Any CPU
	EndGlobalSection
	GlobalSection(SolutionProperties) = preSolution
		HideSolutionNode = FALSE
	EndGlobalSection
	GlobalSection(ExtensibilityGlobals) = postSolution
		SolutionGuid = {04AB7D36-1D03-4923-B86B-734DEA796276}
	EndGlobalSection
EndGlobal
